{
  "name": "nodejstimweapisendmt",
  "version": "1.0.0",
  "lockfileVersion": 2,
  "requires": true,
  "packages": {
    "": {
      "name": "nodejstimweapisendmt",
      "version": "1.0.0",
      "license": "ISC",
      "dependencies": {
        "aes-encryption": "^1.0.4"
      }
    },
    "node_modules/aes-encryption": {
      "version": "1.0.4",
      "resolved": "https://registry.npmjs.org/aes-encryption/-/aes-encryption-1.0.4.tgz",
      "integrity": "sha512-Mb3UAbIvY0wiK6GjZGolVLXvIRHukUoSUQOOItjHNGuEWuClSsBPWEMdLYbCPuIKIFF5YkHTtWT+VqbLIQK/Og==",
      "engines": {
        "node": ">= 0.10.0"
      }
    }
  },
  "dependencies": {
    "aes-encryption": {
      "version": "1.0.4",
      "resolved": "https://registry.npmjs.org/aes-encryption/-/aes-encryption-1.0.4.tgz",
      "integrity": "sha512-Mb3UAbIvY0wiK6GjZGolVLXvIRHukUoSUQOOItjHNGuEWuClSsBPWEMdLYbCPuIKIFF5YkHTtWT+VqbLIQK/Og=="
    }
  }
}
